# THIS IS AN AUTOGENERATED FILE. DO NOT EDIT THIS FILE DIRECTLY.
# yarn lockfile v1


"@antfu/install-pkg@^1.1.0":
  version "1.1.0"
  dependencies:
    package-manager-detector "^1.3.0"
    tinyexec "^1.0.1"

"@braintree/sanitize-url@^7.1.1":
  version "7.1.2"

"@chevrotain/types@~11.1.1":
  version "11.1.2"

"@codemirror/language@^6.0.0":
  version "6.12.3"
  dependencies:
    "@codemirror/state" "^6.0.0"
    "@codemirror/view" "^6.23.0"
    "@lezer/common" "^1.5.0"
    "@lezer/highlight" "^1.0.0"
    "@lezer/lr" "^1.0.0"
    style-mod "^4.0.0"

"@codemirror/state@^6.0.0", "@codemirror/state@^6.6.0":
  version "6.6.0"
  dependencies:
    "@marijn/find-cluster-break" "^1.0.0"

"@codemirror/view@^6.0.0", "@codemirror/view@^6.23.0":
  version "6.43.0"
  dependencies:
    "@codemirror/state" "^6.6.0"
    crelt "^1.0.6"
    style-mod "^4.1.0"
    w3c-keyname "^2.2.4"

"@esbuild/darwin-arm64@0.27.7":
  version "0.27.7"

"@eslint-community/eslint-utils@^4.8.0", "@eslint-community/eslint-utils@^4.9.1":
  version "4.9.1"
  dependencies:
    eslint-visitor-keys "^3.4.3"

"@eslint-community/regexpp@^4.12.1", "@eslint-community/regexpp@^4.12.2":
  version "4.12.2"

"@eslint/config-array@^0.21.2":
  version "0.21.2"
  dependencies:
    "@eslint/object-schema" "^2.1.7"
    debug "^4.3.1"
    minimatch "^3.1.5"

"@eslint/config-helpers@^0.4.2":
  version "0.4.2"
  dependencies:
    "@eslint/core" "^0.17.0"

"@eslint/core@^0.17.0":
  version "0.17.0"
  dependencies:
    "@types/json-schema" "^7.0.15"

"@eslint/eslintrc@^3.3.5":
  version "3.3.5"
  dependencies:
    ajv "^6.14.0"
    debug "^4.3.2"
    espree "^10.0.1"
    globals "^14.0.0"
    ignore "^5.2.0"
    import-fresh "^3.2.1"
    js-yaml "^4.1.1"
    minimatch "^3.1.5"
    strip-json-comments "^3.1.1"

"@eslint/js@9.39.4":
  version "9.39.4"

"@eslint/object-schema@^2.1.7":
  version "2.1.7"

"@eslint/plugin-kit@^0.4.1":
  version "0.4.1"
  dependencies:
    "@eslint/core" "^0.17.0"
    levn "^0.4.1"

"@humanfs/core@^0.19.2":
  version "0.19.2"
  dependencies:
    "@humanfs/types" "^0.15.0"

"@humanfs/node@^0.16.6":
  version "0.16.8"
  dependencies:
    "@humanfs/core" "^0.19.2"
    "@humanfs/types" "^0.15.0"
    "@humanwhocodes/retry" "^0.4.0"

"@humanfs/types@^0.15.0":
  version "0.15.0"

"@humanwhocodes/module-importer@^1.0.1":
  version "1.0.1"

"@humanwhocodes/retry@^0.4.0", "@humanwhocodes/retry@^0.4.2":
  version "0.4.3"

"@iconify/types@^2.0.0":
  version "2.0.0"

"@iconify/utils@^3.0.2":
  version "3.1.3"
  dependencies:
    "@antfu/install-pkg" "^1.1.0"
    "@iconify/types" "^2.0.0"
    import-meta-resolve "^4.2.0"

"@jridgewell/sourcemap-codec@^1.5.5":
  version "1.5.5"

"@lezer/common@^1.0.0", "@lezer/common@^1.3.0", "@lezer/common@^1.5.0":
  version "1.5.2"

"@lezer/highlight@^1.0.0":
  version "1.2.3"
  dependencies:
    "@lezer/common" "^1.3.0"

"@lezer/lr@^1.0.0":
  version "1.4.10"
  dependencies:
    "@lezer/common" "^1.0.0"

"@lezer/markdown@^1.0.0":
  version "1.6.4"
  dependencies:
    "@lezer/common" "^1.5.0"
    "@lezer/highlight" "^1.0.0"

"@marijn/find-cluster-break@^1.0.0":
  version "1.0.2"

"@mermaid-js/parser@^1.1.1":
  version "1.1.1"
  dependencies:
    "@chevrotain/types" "~11.1.1"

"@mixmark-io/domino@^2.2.0":
  version "2.2.0"

"@rollup/rollup-darwin-arm64@4.61.0":
  version "4.61.0"

"@standard-schema/spec@^1.1.0":
  version "1.1.0"

"@types/chai@^5.2.2":
  version "5.2.3"
  dependencies:
    "@types/deep-eql" "*"
    assertion-error "^2.0.1"

"@types/d3-array@*":
  version "3.2.2"

"@types/d3-axis@*":
  version "3.0.6"
  dependencies:
    "@types/d3-selection" "*"

"@types/d3-brush@*":
  version "3.0.6"
  dependencies:
    "@types/d3-selection" "*"

"@types/d3-chord@*":
  version "3.0.6"

"@types/d3-color@*":
  version "3.1.3"

"@types/d3-contour@*":
  version "3.0.6"
  dependencies:
    "@types/d3-array" "*"
    "@types/geojson" "*"

"@types/d3-delaunay@*":
  version "6.0.4"

"@types/d3-dispatch@*":
  version "3.0.7"

"@types/d3-drag@*":
  version "3.0.7"
  dependencies:
    "@types/d3-selection" "*"

"@types/d3-dsv@*":
  version "3.0.7"

"@types/d3-ease@*":
  version "3.0.2"

"@types/d3-fetch@*":
  version "3.0.7"
  dependencies:
    "@types/d3-dsv" "*"

"@types/d3-force@*":
  version "3.0.10"

"@types/d3-format@*":
  version "3.0.4"

"@types/d3-geo@*":
  version "3.1.0"
  dependencies:
    "@types/geojson" "*"

"@types/d3-hierarchy@*":
  version "3.1.7"

"@types/d3-interpolate@*":
  version "3.0.4"
  dependencies:
    "@types/d3-color" "*"

"@types/d3-path@*":
  version "3.1.1"

"@types/d3-polygon@*":
  version "3.0.2"

"@types/d3-quadtree@*":
  version "3.0.6"

"@types/d3-random@*":
  version "3.0.3"

"@types/d3-scale-chromatic@*":
  version "3.1.0"

"@types/d3-scale@*":
  version "4.0.9"
  dependencies:
    "@types/d3-time" "*"

"@types/d3-selection@*":
  version "3.0.11"

"@types/d3-shape@*":
  version "3.1.8"
  dependencies:
    "@types/d3-path" "*"

"@types/d3-time-format@*":
  version "4.0.3"

"@types/d3-time@*":
  version "3.0.4"

"@types/d3-timer@*":
  version "3.0.2"

"@types/d3-transition@*":
  version "3.0.9"
  dependencies:
    "@types/d3-selection" "*"

"@types/d3-zoom@*":
  version "3.0.8"
  dependencies:
    "@types/d3-interpolate" "*"
    "@types/d3-selection" "*"

"@types/d3@^7.4.3":
  version "7.4.3"
  dependencies:
    "@types/d3-array" "*"
    "@types/d3-axis" "*"
    "@types/d3-brush" "*"
    "@types/d3-chord" "*"
    "@types/d3-color" "*"
    "@types/d3-contour" "*"
    "@types/d3-delaunay" "*"
    "@types/d3-dispatch" "*"
    "@types/d3-drag" "*"
    "@types/d3-dsv" "*"
    "@types/d3-ease" "*"
    "@types/d3-fetch" "*"
    "@types/d3-force" "*"
    "@types/d3-format" "*"
    "@types/d3-geo" "*"
    "@types/d3-hierarchy" "*"
    "@types/d3-interpolate" "*"
    "@types/d3-path" "*"
    "@types/d3-polygon" "*"
    "@types/d3-quadtree" "*"
    "@types/d3-random" "*"
    "@types/d3-scale" "*"
    "@types/d3-scale-chromatic" "*"
    "@types/d3-selection" "*"
    "@types/d3-shape" "*"
    "@types/d3-time" "*"
    "@types/d3-time-format" "*"
    "@types/d3-timer" "*"
    "@types/d3-transition" "*"
    "@types/d3-zoom" "*"

"@types/deep-eql@*":
  version "4.0.2"

"@types/estree@^1.0.0", "@types/estree@^1.0.6", "@types/estree@1.0.9":
  version "1.0.9"

"@types/geojson@*":
  version "7946.0.16"

"@types/js-yaml@^4.0.9":
  version "4.0.9"

"@types/json-schema@^7.0.15":
  version "7.0.15"

"@types/linkify-it@^5":
  version "5.0.0"

"@types/markdown-it-footnote@^3.0.4":
  version "3.0.4"
  dependencies:
    "@types/markdown-it" "*"

"@types/markdown-it-link-attributes@^3.0.5":
  version "3.0.5"
  dependencies:
    "@types/markdown-it" "*"

"@types/markdown-it@*", "@types/markdown-it@^14.1.2":
  version "14.1.2"
  dependencies:
    "@types/linkify-it" "^5"
    "@types/mdurl" "^2"

"@types/mdurl@^2":
  version "2.0.0"

"@types/node@*":
  version "25.9.1"
  dependencies:
    undici-types ">=7.24.0 <7.24.7"

"@types/node@^22.0.0":
  version "22.19.19"
  dependencies:
    undici-types "~6.21.0"

"@types/node@>=20.0.0":
  version "25.9.1"
  dependencies:
    undici-types ">=7.24.0 <7.24.7"

"@types/trusted-types@^2.0.7":
  version "2.0.7"

"@types/turndown@^5.0.5":
  version "5.0.6"

"@types/whatwg-mimetype@^3.0.2":
  version "3.0.2"

"@types/ws@^8.18.1":
  version "8.18.1"
  dependencies:
    "@types/node" "*"

"@typescript-eslint/eslint-plugin@^8.32.1":
  version "8.60.1"
  dependencies:
    "@eslint-community/regexpp" "^4.12.2"
    "@typescript-eslint/scope-manager" "8.60.1"
    "@typescript-eslint/type-utils" "8.60.1"
    "@typescript-eslint/utils" "8.60.1"
    "@typescript-eslint/visitor-keys" "8.60.1"
    ignore "^7.0.5"
    natural-compare "^1.4.0"
    ts-api-utils "^2.5.0"

"@typescript-eslint/parser@^8.32.1":
  version "8.60.1"
  dependencies:
    "@typescript-eslint/scope-manager" "8.60.1"
    "@typescript-eslint/types" "8.60.1"
    "@typescript-eslint/typescript-estree" "8.60.1"
    "@typescript-eslint/visitor-keys" "8.60.1"
    debug "^4.4.3"

"@typescript-eslint/project-service@8.60.1":
  version "8.60.1"
  dependencies:
    "@typescript-eslint/tsconfig-utils" "^8.60.1"
    "@typescript-eslint/types" "^8.60.1"
    debug "^4.4.3"

"@typescript-eslint/scope-manager@8.60.1":
  version "8.60.1"
  dependencies:
    "@typescript-eslint/types" "8.60.1"
    "@typescript-eslint/visitor-keys" "8.60.1"

"@typescript-eslint/tsconfig-utils@^8.60.1", "@typescript-eslint/tsconfig-utils@8.60.1":
  version "8.60.1"

"@typescript-eslint/type-utils@8.60.1":
  version "8.60.1"
  dependencies:
    "@typescript-eslint/types" "8.60.1"
    "@typescript-eslint/typescript-estree" "8.60.1"
    "@typescript-eslint/utils" "8.60.1"
    debug "^4.4.3"
    ts-api-utils "^2.5.0"

"@typescript-eslint/types@^8.60.1", "@typescript-eslint/types@8.60.1":
  version "8.60.1"

"@typescript-eslint/typescript-estree@8.60.1":
  version "8.60.1"
  dependencies:
    "@typescript-eslint/project-service" "8.60.1"
    "@typescript-eslint/tsconfig-utils" "8.60.1"
    "@typescript-eslint/types" "8.60.1"
    "@typescript-eslint/visitor-keys" "8.60.1"
    debug "^4.4.3"
    minimatch "^10.2.2"
    semver "^7.7.3"
    tinyglobby "^0.2.15"
    ts-api-utils "^2.5.0"

"@typescript-eslint/utils@8.60.1":
  version "8.60.1"
  dependencies:
    "@eslint-community/eslint-utils" "^4.9.1"
    "@typescript-eslint/scope-manager" "8.60.1"
    "@typescript-eslint/types" "8.60.1"
    "@typescript-eslint/typescript-estree" "8.60.1"

"@typescript-eslint/visitor-keys@8.60.1":
  version "8.60.1"
  dependencies:
    "@typescript-eslint/types" "8.60.1"
    eslint-visitor-keys "^5.0.0"

"@upsetjs/venn.js@^2.0.0":
  version "2.0.0"
  optionalDependencies:
    d3-selection "^3.0.0"
    d3-transition "^3.0.1"

"@vitest/expect@4.1.8":
  version "4.1.8"
  dependencies:
    "@standard-schema/spec" "^1.1.0"
    "@types/chai" "^5.2.2"
    "@vitest/spy" "4.1.8"
    "@vitest/utils" "4.1.8"
    chai "^6.2.2"
    tinyrainbow "^3.1.0"

"@vitest/mocker@4.1.8":
  version "4.1.8"
  dependencies:
    "@vitest/spy" "4.1.8"
    estree-walker "^3.0.3"
    magic-string "^0.30.21"

"@vitest/pretty-format@4.1.8":
  version "4.1.8"
  dependencies:
    tinyrainbow "^3.1.0"

"@vitest/runner@4.1.8":
  version "4.1.8"
  dependencies:
    "@vitest/utils" "4.1.8"
    pathe "^2.0.3"

"@vitest/snapshot@4.1.8":
  version "4.1.8"
  dependencies:
    "@vitest/pretty-format" "4.1.8"
    "@vitest/utils" "4.1.8"
    magic-string "^0.30.21"
    pathe "^2.0.3"

"@vitest/spy@4.1.8":
  version "4.1.8"

"@vitest/utils@4.1.8":
  version "4.1.8"
  dependencies:
    "@vitest/pretty-format" "4.1.8"
    convert-source-map "^2.0.0"
    tinyrainbow "^3.1.0"

acorn-jsx@^5.3.2:
  version "5.3.2"

acorn@^8.15.0:
  version "8.16.0"

ajv@^6.14.0:
  version "6.15.0"
  dependencies:
    fast-deep-equal "^3.1.1"
    fast-json-stable-stringify "^2.0.0"
    json-schema-traverse "^0.4.1"
    uri-js "^4.2.2"

ansi-styles@^4.1.0:
  version "4.3.0"
  dependencies:
    color-convert "^2.0.1"

argparse@^2.0.1:
  version "2.0.1"

assertion-error@^2.0.1:
  version "2.0.1"

balanced-match@^1.0.0:
  version "1.0.2"

balanced-match@^4.0.2:
  version "4.0.4"

brace-expansion@^1.1.7:
  version "1.1.15"
  dependencies:
    balanced-match "^1.0.0"
    concat-map "0.0.1"

brace-expansion@^5.0.5:
  version "5.0.6"
  dependencies:
    balanced-match "^4.0.2"

braces@^3.0.3:
  version "3.0.3"
  dependencies:
    fill-range "^7.1.1"

callsites@^3.0.0:
  version "3.1.0"

chai@^6.2.2:
  version "6.2.2"

chalk@^4.0.0:
  version "4.1.2"
  dependencies:
    ansi-styles "^4.1.0"
    supports-color "^7.1.0"

color-convert@^2.0.1:
  version "2.0.1"
  dependencies:
    color-name "~1.1.4"

color-name@~1.1.4:
  version "1.1.4"

commander@^8.3.0:
  version "8.3.0"

commander@7:
  version "7.2.0"

concat-map@0.0.1:
  version "0.0.1"

convert-source-map@^2.0.0:
  version "2.0.0"

cose-base@^1.0.0:
  version "1.0.3"
  dependencies:
    layout-base "^1.0.0"

cose-base@^2.2.0:
  version "2.2.0"
  dependencies:
    layout-base "^2.0.0"

crelt@^1.0.6:
  version "1.0.6"

cross-env@^7.0.3:
  version "7.0.3"
  dependencies:
    cross-spawn "^7.0.1"

cross-spawn@^7.0.1, cross-spawn@^7.0.6:
  version "7.0.6"
  dependencies:
    path-key "^3.1.0"
    shebang-command "^2.0.0"
    which "^2.0.1"

cytoscape-cose-bilkent@^4.1.0:
  version "4.1.0"
  dependencies:
    cose-base "^1.0.0"

cytoscape-fcose@^2.2.0:
  version "2.2.0"
  dependencies:
    cose-base "^2.2.0"

cytoscape@^3.33.1:
  version "3.33.4"

d3-array@^3.2.0, "d3-array@2 - 3", "d3-array@2.10.0 - 3", "d3-array@2.5.0 - 3", d3-array@3:
  version "3.2.4"
  dependencies:
    internmap "1 - 2"

"d3-array@1 - 2":
  version "2.12.1"
  dependencies:
    internmap "^1.0.0"

d3-axis@3:
  version "3.0.0"

d3-brush@3:
  version "3.0.0"
  dependencies:
    d3-dispatch "1 - 3"
    d3-drag "2 - 3"
    d3-interpolate "1 - 3"
    d3-selection "3"
    d3-transition "3"

d3-chord@3:
  version "3.0.1"
  dependencies:
    d3-path "1 - 3"

"d3-color@1 - 3", d3-color@3:
  version "3.1.0"

d3-contour@4:
  version "4.0.2"
  dependencies:
    d3-array "^3.2.0"

d3-delaunay@6:
  version "6.0.4"
  dependencies:
    delaunator "5"

"d3-dispatch@1 - 3", d3-dispatch@3:
  version "3.0.1"

"d3-drag@2 - 3", d3-drag@3:
  version "3.0.0"
  dependencies:
    d3-dispatch "1 - 3"
    d3-selection "3"

"d3-dsv@1 - 3", d3-dsv@3:
  version "3.0.1"
  dependencies:
    commander "7"
    iconv-lite "0.6"
    rw "1"

"d3-ease@1 - 3", d3-ease@3:
  version "3.0.1"

d3-fetch@3:
  version "3.0.1"
  dependencies:
    d3-dsv "1 - 3"

d3-force@3:
  version "3.0.0"
  dependencies:
    d3-dispatch "1 - 3"
    d3-quadtree "1 - 3"
    d3-timer "1 - 3"

"d3-format@1 - 3", d3-format@3:
  version "3.1.2"

d3-geo@3:
  version "3.1.1"
  dependencies:
    d3-array "2.5.0 - 3"

d3-hierarchy@3:
  version "3.1.2"

"d3-interpolate@1 - 3", "d3-interpolate@1.2.0 - 3", d3-interpolate@3:
  version "3.0.1"
  dependencies:
    d3-color "1 - 3"

d3-path@^3.1.0, "d3-path@1 - 3", d3-path@3:
  version "3.1.0"

d3-path@1:
  version "1.0.9"

d3-polygon@3:
  version "3.0.1"

"d3-quadtree@1 - 3", d3-quadtree@3:
  version "3.0.1"

d3-random@3:
  version "3.0.1"

d3-sankey@^0.12.3:
  version "0.12.3"
  dependencies:
    d3-array "1 - 2"
    d3-shape "^1.2.0"

d3-scale-chromatic@3:
  version "3.1.0"
  dependencies:
    d3-color "1 - 3"
    d3-interpolate "1 - 3"

d3-scale@4:
  version "4.0.2"
  dependencies:
    d3-array "2.10.0 - 3"
    d3-format "1 - 3"
    d3-interpolate "1.2.0 - 3"
    d3-time "2.1.1 - 3"
    d3-time-format "2 - 4"

d3-selection@^3.0.0, "d3-selection@2 - 3", d3-selection@3:
  version "3.0.0"

d3-shape@^1.2.0:
  version "1.3.7"
  dependencies:
    d3-path "1"

d3-shape@3:
  version "3.2.0"
  dependencies:
    d3-path "^3.1.0"

"d3-time-format@2 - 4", d3-time-format@4:
  version "4.1.0"
  dependencies:
    d3-time "1 - 3"

"d3-time@1 - 3", "d3-time@2.1.1 - 3", d3-time@3:
  version "3.1.0"
  dependencies:
    d3-array "2 - 3"

"d3-timer@1 - 3", d3-timer@3:
  version "3.0.1"

d3-transition@^3.0.1, "d3-transition@2 - 3", d3-transition@3:
  version "3.0.1"
  dependencies:
    d3-color "1 - 3"
    d3-dispatch "1 - 3"
    d3-ease "1 - 3"
    d3-interpolate "1 - 3"
    d3-timer "1 - 3"

d3-zoom@3:
  version "3.0.0"
  dependencies:
    d3-dispatch "1 - 3"
    d3-drag "2 - 3"
    d3-interpolate "1 - 3"
    d3-selection "2 - 3"
    d3-transition "2 - 3"

d3@^7.9.0:
  version "7.9.0"
  dependencies:
    d3-array "3"
    d3-axis "3"
    d3-brush "3"
    d3-chord "3"
    d3-color "3"
    d3-contour "4"
    d3-delaunay "6"
    d3-dispatch "3"
    d3-drag "3"
    d3-dsv "3"
    d3-ease "3"
    d3-fetch "3"
    d3-force "3"
    d3-format "3"
    d3-geo "3"
    d3-hierarchy "3"
    d3-interpolate "3"
    d3-path "3"
    d3-polygon "3"
    d3-quadtree "3"
    d3-random "3"
    d3-scale "4"
    d3-scale-chromatic "3"
    d3-selection "3"
    d3-shape "3"
    d3-time "3"
    d3-time-format "4"
    d3-timer "3"
    d3-transition "3"
    d3-zoom "3"

dagre-d3-es@7.0.14:
  version "7.0.14"
  dependencies:
    d3 "^7.9.0"
    lodash-es "^4.17.21"

dayjs@^1.11.19:
  version "1.11.21"

debug@^4.3.1, debug@^4.3.2, debug@^4.4.3:
  version "4.4.3"
  dependencies:
    ms "^2.1.3"

deep-is@^0.1.3:
  version "0.1.4"

delaunator@5:
  version "5.1.0"
  dependencies:
    robust-predicates "^3.0.2"

dompurify@^3.3.1:
  version "3.4.7"
  optionalDependencies:
    "@types/trusted-types" "^2.0.7"

entities@^4.4.0:
  version "4.5.0"

entities@^7.0.1:
  version "7.0.1"

es-module-lexer@^2.0.0:
  version "2.1.0"

es-toolkit@^1.45.1:
  version "1.47.0"

esbuild@^0.27.0, esbuild@^0.27.3:
  version "0.27.7"
  optionalDependencies:
    "@esbuild/aix-ppc64" "0.27.7"
    "@esbuild/android-arm" "0.27.7"
    "@esbuild/android-arm64" "0.27.7"
    "@esbuild/android-x64" "0.27.7"
    "@esbuild/darwin-arm64" "0.27.7"
    "@esbuild/darwin-x64" "0.27.7"
    "@esbuild/freebsd-arm64" "0.27.7"
    "@esbuild/freebsd-x64" "0.27.7"
    "@esbuild/linux-arm" "0.27.7"
    "@esbuild/linux-arm64" "0.27.7"
    "@esbuild/linux-ia32" "0.27.7"
    "@esbuild/linux-loong64" "0.27.7"
    "@esbuild/linux-mips64el" "0.27.7"
    "@esbuild/linux-ppc64" "0.27.7"
    "@esbuild/linux-riscv64" "0.27.7"
    "@esbuild/linux-s390x" "0.27.7"
    "@esbuild/linux-x64" "0.27.7"
    "@esbuild/netbsd-arm64" "0.27.7"
    "@esbuild/netbsd-x64" "0.27.7"
    "@esbuild/openbsd-arm64" "0.27.7"
    "@esbuild/openbsd-x64" "0.27.7"
    "@esbuild/openharmony-arm64" "0.27.7"
    "@esbuild/sunos-x64" "0.27.7"
    "@esbuild/win32-arm64" "0.27.7"
    "@esbuild/win32-ia32" "0.27.7"
    "@esbuild/win32-x64" "0.27.7"

escape-string-regexp@^4.0.0:
  version "4.0.0"

eslint-scope@^8.4.0:
  version "8.4.0"
  dependencies:
    esrecurse "^4.3.0"
    estraverse "^5.2.0"

eslint-visitor-keys@^3.4.3:
  version "3.4.3"

eslint-visitor-keys@^4.2.1:
  version "4.2.1"

eslint-visitor-keys@^5.0.0:
  version "5.0.1"

eslint@^9.27.0:
  version "9.39.4"
  dependencies:
    "@eslint-community/eslint-utils" "^4.8.0"
    "@eslint-community/regexpp" "^4.12.1"
    "@eslint/config-array" "^0.21.2"
    "@eslint/config-helpers" "^0.4.2"
    "@eslint/core" "^0.17.0"
    "@eslint/eslintrc" "^3.3.5"
    "@eslint/js" "9.39.4"
    "@eslint/plugin-kit" "^0.4.1"
    "@humanfs/node" "^0.16.6"
    "@humanwhocodes/module-importer" "^1.0.1"
    "@humanwhocodes/retry" "^0.4.2"
    "@types/estree" "^1.0.6"
    ajv "^6.14.0"
    chalk "^4.0.0"
    cross-spawn "^7.0.6"
    debug "^4.3.2"
    escape-string-regexp "^4.0.0"
    eslint-scope "^8.4.0"
    eslint-visitor-keys "^4.2.1"
    espree "^10.4.0"
    esquery "^1.5.0"
    esutils "^2.0.2"
    fast-deep-equal "^3.1.3"
    file-entry-cache "^8.0.0"
    find-up "^5.0.0"
    glob-parent "^6.0.2"
    ignore "^5.2.0"
    imurmurhash "^0.1.4"
    is-glob "^4.0.0"
    json-stable-stringify-without-jsonify "^1.0.1"
    lodash.merge "^4.6.2"
    minimatch "^3.1.5"
    natural-compare "^1.4.0"
    optionator "^0.9.3"

espree@^10.0.1, espree@^10.4.0:
  version "10.4.0"
  dependencies:
    acorn "^8.15.0"
    acorn-jsx "^5.3.2"
    eslint-visitor-keys "^4.2.1"

esquery@^1.5.0:
  version "1.7.0"
  dependencies:
    estraverse "^5.1.0"

esrecurse@^4.3.0:
  version "4.3.0"
  dependencies:
    estraverse "^5.2.0"

estraverse@^5.1.0, estraverse@^5.2.0:
  version "5.3.0"

estree-walker@^3.0.3:
  version "3.0.3"
  dependencies:
    "@types/estree" "^1.0.0"

esutils@^2.0.2:
  version "2.0.3"

expect-type@^1.3.0:
  version "1.3.0"

fast-deep-equal@^3.1.1, fast-deep-equal@^3.1.3:
  version "3.1.3"

fast-json-stable-stringify@^2.0.0:
  version "2.1.0"

fast-levenshtein@^2.0.6:
  version "2.0.6"

fdir@^6.5.0:
  version "6.5.0"

file-entry-cache@^8.0.0:
  version "8.0.0"
  dependencies:
    flat-cache "^4.0.0"

fill-range@^7.1.1:
  version "7.1.1"
  dependencies:
    to-regex-range "^5.0.1"

find-up@^5.0.0:
  version "5.0.0"
  dependencies:
    locate-path "^6.0.0"
    path-exists "^4.0.0"

flat-cache@^4.0.0:
  version "4.0.1"
  dependencies:
    flatted "^3.2.9"
    keyv "^4.5.4"

flatted@^3.2.9:
  version "3.4.2"

fsevents@~2.3.2, fsevents@~2.3.3:
  version "2.3.3"

glob-parent@^6.0.2:
  version "6.0.2"
  dependencies:
    is-glob "^4.0.3"

globals@^14.0.0:
  version "14.0.0"

hachure-fill@^0.5.2:
  version "0.5.2"

happy-dom@^20.8.9:
  version "20.9.0"
  dependencies:
    "@types/node" ">=20.0.0"
    "@types/whatwg-mimetype" "^3.0.2"
    "@types/ws" "^8.18.1"
    entities "^7.0.1"
    whatwg-mimetype "^3.0.0"
    ws "^8.18.3"

has-flag@^4.0.0:
  version "4.0.0"

highlight.js@^11.9.0:
  version "11.11.1"

iconv-lite@0.6:
  version "0.6.3"
  dependencies:
    safer-buffer ">= 2.1.2 < 3.0.0"

ignore@^5.2.0:
  version "5.3.2"

ignore@^7.0.5:
  version "7.0.5"

import-fresh@^3.2.1:
  version "3.3.1"
  dependencies:
    parent-module "^1.0.0"
    resolve-from "^4.0.0"

import-meta-resolve@^4.2.0:
  version "4.2.0"

imurmurhash@^0.1.4:
  version "0.1.4"

internmap@^1.0.0:
  version "1.0.1"

"internmap@1 - 2":
  version "2.0.3"

is-extglob@^2.1.1:
  version "2.1.1"

is-glob@^4.0.0, is-glob@^4.0.3:
  version "4.0.3"
  dependencies:
    is-extglob "^2.1.1"

is-number@^7.0.0:
  version "7.0.0"

isexe@^2.0.0:
  version "2.0.0"

js-yaml@^4.1.1, js-yaml@^4.2.0:
  version "4.2.0"
  dependencies:
    argparse "^2.0.1"

json-buffer@3.0.1:
  version "3.0.1"

json-schema-traverse@^0.4.1:
  version "0.4.1"

json-stable-stringify-without-jsonify@^1.0.1:
  version "1.0.1"

katex@^0.16.25:
  version "0.16.47"
  dependencies:
    commander "^8.3.0"

katex@^0.16.4:
  version "0.16.47"
  dependencies:
    commander "^8.3.0"

katex@^0.17.0:
  version "0.17.0"
  dependencies:
    commander "^8.3.0"

keyv@^4.5.4:
  version "4.5.4"
  dependencies:
    json-buffer "3.0.1"

khroma@^2.1.0:
  version "2.1.0"

layout-base@^1.0.0:
  version "1.0.2"

layout-base@^2.0.0:
  version "2.0.1"

levn@^0.4.1:
  version "0.4.1"
  dependencies:
    prelude-ls "^1.2.1"
    type-check "~0.4.0"

linkify-it@^5.0.1:
  version "5.0.1"
  dependencies:
    uc.micro "^2.0.0"

locate-path@^6.0.0:
  version "6.0.0"
  dependencies:
    p-locate "^5.0.0"

lodash-es@^4.17.21:
  version "4.18.1"

lodash.merge@^4.6.2:
  version "4.6.2"

magic-string@^0.30.21:
  version "0.30.21"
  dependencies:
    "@jridgewell/sourcemap-codec" "^1.5.5"

mark.js@^8.11.1:
  version "8.11.1"

markdown-it-anchor@^9.2.0:
  version "9.2.0"

markdown-it-footnote@^4.0.0:
  version "4.0.0"

markdown-it-front-matter@^0.2.4:
  version "0.2.4"

markdown-it-github-alerts@^1.0.1:
  version "1.0.1"

markdown-it-highlightjs@^4.3.0:
  version "4.3.0"
  dependencies:
    highlight.js "^11.9.0"

markdown-it-link-attributes@^4.0.1:
  version "4.0.1"

markdown-it-task-lists@^2.1.1:
  version "2.1.1"

markdown-it@^14.2.0:
  version "14.2.0"
  dependencies:
    argparse "^2.0.1"
    entities "^4.4.0"
    linkify-it "^5.0.1"
    mdurl "^2.0.0"
    punycode.js "^2.3.1"
    uc.micro "^2.1.0"

marked@^16.3.0:
  version "16.4.2"

"markedit-api@https://github.com/MarkEdit-app/MarkEdit-api#v0.26.0":
  version "0.26.0"
  resolved "git+ssh://git@github.com/MarkEdit-app/MarkEdit-api.git#ffa8606837737882102aad18fcdd080735a9cb26"

"markedit-katex@https://github.com/MarkEdit-app/MarkEdit-katex#v1.1.5":
  version "1.1.5"
  resolved "git+ssh://git@github.com/MarkEdit-app/MarkEdit-katex.git#8944d16c5ca52776ecd256a611f38fb0dff311a1"
  dependencies:
    katex "^0.16.4"

"markedit-vite@https://github.com/MarkEdit-app/MarkEdit-vite#v0.4.0":
  version "0.4.0"
  resolved "git+ssh://git@github.com/MarkEdit-app/MarkEdit-vite.git#ab1f26c8676ebcd20b62009e24412774a1702164"

mdurl@^2.0.0:
  version "2.0.0"

mermaid@^11.15.0:
  version "11.15.0"
  dependencies:
    "@braintree/sanitize-url" "^7.1.1"
    "@iconify/utils" "^3.0.2"
    "@mermaid-js/parser" "^1.1.1"
    "@types/d3" "^7.4.3"
    "@upsetjs/venn.js" "^2.0.0"
    cytoscape "^3.33.1"
    cytoscape-cose-bilkent "^4.1.0"
    cytoscape-fcose "^2.2.0"
    d3 "^7.9.0"
    d3-sankey "^0.12.3"
    dagre-d3-es "7.0.14"
    dayjs "^1.11.19"
    dompurify "^3.3.1"
    es-toolkit "^1.45.1"
    katex "^0.16.25"
    khroma "^2.1.0"
    marked "^16.3.0"
    roughjs "^4.6.6"
    stylis "^4.3.6"
    ts-dedent "^2.2.0"
    uuid "^11.1.0 || ^12 || ^13 || ^14.0.0"

micromatch@^4.0.8:
  version "4.0.8"
  dependencies:
    braces "^3.0.3"
    picomatch "^2.3.1"

minimatch@^10.2.2:
  version "10.2.5"
  dependencies:
    brace-expansion "^5.0.5"

minimatch@^3.1.5:
  version "3.1.5"
  dependencies:
    brace-expansion "^1.1.7"

ms@^2.1.3:
  version "2.1.3"

nanoid@^3.3.12:
  version "3.3.12"

natural-compare@^1.4.0:
  version "1.4.0"

obug@^2.1.1:
  version "2.1.1"

optionator@^0.9.3:
  version "0.9.4"
  dependencies:
    deep-is "^0.1.3"
    fast-levenshtein "^2.0.6"
    levn "^0.4.1"
    prelude-ls "^1.2.1"
    type-check "^0.4.0"
    word-wrap "^1.2.5"

p-limit@^3.0.2:
  version "3.1.0"
  dependencies:
    yocto-queue "^0.1.0"

p-locate@^5.0.0:
  version "5.0.0"
  dependencies:
    p-limit "^3.0.2"

package-manager-detector@^1.3.0:
  version "1.6.0"

parent-module@^1.0.0:
  version "1.0.1"
  dependencies:
    callsites "^3.0.0"

path-data-parser@^0.1.0, path-data-parser@0.1.0:
  version "0.1.0"

path-exists@^4.0.0:
  version "4.0.0"

path-key@^3.1.0:
  version "3.1.1"

pathe@^2.0.3:
  version "2.0.3"

picocolors@^1.1.1:
  version "1.1.1"

picomatch@^2.3.1:
  version "2.3.2"

picomatch@^4.0.3, picomatch@^4.0.4:
  version "4.0.4"

points-on-curve@^0.2.0, points-on-curve@0.2.0:
  version "0.2.0"

points-on-path@^0.2.1:
  version "0.2.1"
  dependencies:
    path-data-parser "0.1.0"
    points-on-curve "0.2.0"

postcss@^8.5.6:
  version "8.5.15"
  dependencies:
    nanoid "^3.3.12"
    picocolors "^1.1.1"
    source-map-js "^1.2.1"

prelude-ls@^1.2.1:
  version "1.2.1"

punycode.js@^2.3.1:
  version "2.3.1"

punycode@^2.1.0:
  version "2.3.1"

resolve-from@^4.0.0:
  version "4.0.0"

robust-predicates@^3.0.2:
  version "3.0.3"

rollup@^4.43.0:
  version "4.61.0"
  dependencies:
    "@types/estree" "1.0.9"
  optionalDependencies:
    "@rollup/rollup-android-arm-eabi" "4.61.0"
    "@rollup/rollup-android-arm64" "4.61.0"
    "@rollup/rollup-darwin-arm64" "4.61.0"
    "@rollup/rollup-darwin-x64" "4.61.0"
    "@rollup/rollup-freebsd-arm64" "4.61.0"
    "@rollup/rollup-freebsd-x64" "4.61.0"
    "@rollup/rollup-linux-arm-gnueabihf" "4.61.0"
    "@rollup/rollup-linux-arm-musleabihf" "4.61.0"
    "@rollup/rollup-linux-arm64-gnu" "4.61.0"
    "@rollup/rollup-linux-arm64-musl" "4.61.0"
    "@rollup/rollup-linux-loong64-gnu" "4.61.0"
    "@rollup/rollup-linux-loong64-musl" "4.61.0"
    "@rollup/rollup-linux-ppc64-gnu" "4.61.0"
    "@rollup/rollup-linux-ppc64-musl" "4.61.0"
    "@rollup/rollup-linux-riscv64-gnu" "4.61.0"
    "@rollup/rollup-linux-riscv64-musl" "4.61.0"
    "@rollup/rollup-linux-s390x-gnu" "4.61.0"
    "@rollup/rollup-linux-x64-gnu" "4.61.0"
    "@rollup/rollup-linux-x64-musl" "4.61.0"
    "@rollup/rollup-openbsd-x64" "4.61.0"
    "@rollup/rollup-openharmony-arm64" "4.61.0"
    "@rollup/rollup-win32-arm64-msvc" "4.61.0"
    "@rollup/rollup-win32-ia32-msvc" "4.61.0"
    "@rollup/rollup-win32-x64-gnu" "4.61.0"
    "@rollup/rollup-win32-x64-msvc" "4.61.0"
    fsevents "~2.3.2"

roughjs@^4.6.6:
  version "4.6.6"
  dependencies:
    hachure-fill "^0.5.2"
    path-data-parser "^0.1.0"
    points-on-curve "^0.2.0"
    points-on-path "^0.2.1"

rw@1:
  version "1.3.3"

"safer-buffer@>= 2.1.2 < 3.0.0":
  version "2.1.2"

semver@^7.7.3:
  version "7.8.1"

shebang-command@^2.0.0:
  version "2.0.0"
  dependencies:
    shebang-regex "^3.0.0"

shebang-regex@^3.0.0:
  version "3.0.0"

siginfo@^2.0.0:
  version "2.0.0"

source-map-js@^1.2.1:
  version "1.2.1"

split-grid@^1.0.11:
  version "1.0.11"

stackback@0.0.2:
  version "0.0.2"

std-env@^4.0.0-rc.1:
  version "4.1.0"

strip-json-comments@^3.1.1:
  version "3.1.1"

style-mod@^4.0.0, style-mod@^4.1.0:
  version "4.1.3"

stylis@^4.3.6:
  version "4.4.0"

supports-color@^7.1.0:
  version "7.2.0"
  dependencies:
    has-flag "^4.0.0"

tinybench@^2.9.0:
  version "2.9.0"

tinyexec@^1.0.1, tinyexec@^1.0.2:
  version "1.2.4"

tinyglobby@^0.2.15:
  version "0.2.17"
  dependencies:
    fdir "^6.5.0"
    picomatch "^4.0.4"

tinyrainbow@^3.1.0:
  version "3.1.0"

to-regex-range@^5.0.1:
  version "5.0.1"
  dependencies:
    is-number "^7.0.0"

ts-api-utils@^2.5.0:
  version "2.5.0"

ts-dedent@^2.2.0:
  version "2.2.0"

turndown-plugin-gfm@^1.0.2:
  version "1.0.2"

turndown@^7.2.0:
  version "7.2.4"
  dependencies:
    "@mixmark-io/domino" "^2.2.0"

type-check@^0.4.0, type-check@~0.4.0:
  version "0.4.0"
  dependencies:
    prelude-ls "^1.2.1"

typescript@^5.0.0:
  version "5.9.3"

uc.micro@^2.0.0, uc.micro@^2.1.0:
  version "2.1.0"

"undici-types@>=7.24.0 <7.24.7":
  version "7.24.6"

undici-types@~6.21.0:
  version "6.21.0"

uri-js@^4.2.2:
  version "4.4.1"
  dependencies:
    punycode "^2.1.0"

"uuid@^11.1.0 || ^12 || ^13 || ^14.0.0":
  version "14.0.0"

vite-plugin-singlefile@^2.2.0:
  version "2.3.3"
  dependencies:
    micromatch "^4.0.8"

"vite@^6.0.0 || ^7.0.0 || ^8.0.0", vite@^7.0.0:
  version "7.3.5"
  dependencies:
    esbuild "^0.27.0"
    fdir "^6.5.0"
    picomatch "^4.0.3"
    postcss "^8.5.6"
    rollup "^4.43.0"
    tinyglobby "^0.2.15"
  optionalDependencies:
    fsevents "~2.3.3"

vitest@^4.0.18:
  version "4.1.8"
  dependencies:
    "@vitest/expect" "4.1.8"
    "@vitest/mocker" "4.1.8"
    "@vitest/pretty-format" "4.1.8"
    "@vitest/runner" "4.1.8"
    "@vitest/snapshot" "4.1.8"
    "@vitest/spy" "4.1.8"
    "@vitest/utils" "4.1.8"
    es-module-lexer "^2.0.0"
    expect-type "^1.3.0"
    magic-string "^0.30.21"
    obug "^2.1.1"
    pathe "^2.0.3"
    picomatch "^4.0.3"
    std-env "^4.0.0-rc.1"
    tinybench "^2.9.0"
    tinyexec "^1.0.2"
    tinyglobby "^0.2.15"
    tinyrainbow "^3.1.0"
    vite "^6.0.0 || ^7.0.0 || ^8.0.0"
    why-is-node-running "^2.3.0"

w3c-keyname@^2.2.4:
  version "2.2.8"

whatwg-mimetype@^3.0.0:
  version "3.0.0"

which@^2.0.1:
  version "2.0.2"
  dependencies:
    isexe "^2.0.0"

why-is-node-running@^2.3.0:
  version "2.3.0"
  dependencies:
    siginfo "^2.0.0"
    stackback "0.0.2"

word-wrap@^1.2.5:
  version "1.2.5"

ws@^8.18.3:
  version "8.21.0"

yocto-queue@^0.1.0:
  version "0.1.0"
